{
    "_meta": {
        "hash": {
            "sha256": "0e15f396119430ac5e203136138a90898eecb04b87da6c4a112508422d5bc150"
        },
        "pipfile-spec": 6,
        "requires": {
            "python_version": "3.13"
        },
        "sources": [
            {
                "name": "pypi",
                "url": "https://pypi.org/simple",
                "verify_ssl": true
            }
        ]
    },
    "default": {
        "et-xmlfile": {
            "hashes": [
                "sha256:7a91720bc756843502c3b7504c77b8fe44217c85c537d85037f0f536151b2caa",
                "sha256:dab3f4764309081ce75662649be815c4c9081e88f0837825f90fd28317d4da54"
            ],
            "markers": "python_version >= '3.8'",
            "version": "==2.0.0"
        },
        "fpdf": {
            "hashes": [
                "sha256:0a94eb783ee933e32a44ad949a1aa6c3ca6fb35b608db53f8b216aec52fc1fb5",
                "sha256:125840783289e7d12552b1e86ab692c37322e7a65b96a99e0ea86cca041b6779",
                "sha256:9542f6ad0791d673955da954a0cf3554a0affac79deab87bee06b9b4d4e60990"
            ],
            "index": "pypi",
            "version": "==1.7.2"
        },
        "openpyxl": {
            "hashes": [
                "sha256:5282c12b107bffeef825f4617dc029afaf41d0ea60823bbb665ef3079dc79de2",
                "sha256:cf0e3cf56142039133628b5acffe8ef0c12bc902d2aadd3e0fe5878dc08d1050"
            ],
            "index": "pypi",
            "markers": "python_version >= '3.8'",
            "version": "==3.1.5"
        }
    },
    "develop": {}
}
